// !$*UTF8*$!
{
	archiveVersion = 1;
	classes = {
	};
	objectVersion = 46;
	objects = {

/* Begin PBXBuildFile section */
		04A1B67F72E78C3C50C5D496 /* ofxOscParameterSync.cpp in Sources */ = {isa = PBXBuildFile; fileRef = 29E5A84494A159405C658395 /* ofxOscParameterSync.cpp */; };
		172513EF0A37F0353FBED5DF /* ofxOscMessage.cpp in Sources */ = {isa = PBXBuildFile; fileRef = C3A653A647A4568CB0DBCE3B /* ofxOscMessage.cpp */; };
		2A12700A1E1D6FA90090989F /* ofxCling.cpp in Sources */ = {isa = PBXBuildFile; fileRef = 2A1270081E1D6FA90090989F /* ofxCling.cpp */; };
		2A8149221E26A5EA00135792 /* ofxInterfaceTextEditor.cpp in Sources */ = {isa = PBXBuildFile; fileRef = 2A81491C1E26A5EA00135792 /* ofxInterfaceTextEditor.cpp */; };
		2AACCFEC1DF1D8E7008B00D6 /* ofxJSON.cpp in Sources */ = {isa = PBXBuildFile; fileRef = 2AACCFEB1DF1D8E7008B00D6 /* ofxJSON.cpp */; };
		2AAFAAD71DEF2D9300B35493 /* BitmapTextButton.cpp in Sources */ = {isa = PBXBuildFile; fileRef = 2AAFAA1E1DEF2D9300B35493 /* BitmapTextButton.cpp */; };
		2AAFAAD81DEF2D9300B35493 /* LambdaView.cpp in Sources */ = {isa = PBXBuildFile; fileRef = 2AAFAA201DEF2D9300B35493 /* LambdaView.cpp */; };
		2AAFAAD91DEF2D9300B35493 /* SolidColorPanel.cpp in Sources */ = {isa = PBXBuildFile; fileRef = 2AAFAA221DEF2D9300B35493 /* SolidColorPanel.cpp */; };
		2AAFAADA1DEF2D9300B35493 /* TextureButton.cpp in Sources */ = {isa = PBXBuildFile; fileRef = 2AAFAA241DEF2D9300B35493 /* TextureButton.cpp */; };
		2AAFAADB1DEF2D9300B35493 /* Node.cpp in Sources */ = {isa = PBXBuildFile; fileRef = 2AAFAA261DEF2D9300B35493 /* Node.cpp */; };
		2AAFAADC1DEF2D9300B35493 /* TouchEvent.cpp in Sources */ = {isa = PBXBuildFile; fileRef = 2AAFAA291DEF2D9300B35493 /* TouchEvent.cpp */; };
		2AAFAADD1DEF2D9300B35493 /* TouchManager.cpp in Sources */ = {isa = PBXBuildFile; fileRef = 2AAFAA2B1DEF2D9300B35493 /* TouchManager.cpp */; };
		2AAFAADE1DEF2D9300B35493 /* VirtualTouch.cpp in Sources */ = {isa = PBXBuildFile; fileRef = 2AAFAA2D1DEF2D9300B35493 /* VirtualTouch.cpp */; };
		2AAFAAF01DEF2D9300B35493 /* jsoncpp.cpp in Sources */ = {isa = PBXBuildFile; fileRef = 2AAFAA7D1DEF2D9300B35493 /* jsoncpp.cpp */; };
		2AAFAAF31DEF2D9300B35493 /* README.md in Sources */ = {isa = PBXBuildFile; fileRef = 2AAFAA851DEF2D9300B35493 /* README.md */; };
		2AAFAAF41DEF2D9300B35493 /* ofxJsonParser.cpp in Sources */ = {isa = PBXBuildFile; fileRef = 2AAFAA871DEF2D9300B35493 /* ofxJsonParser.cpp */; };
		2AAFAB011DEF2D9300B35493 /* nanovg.c in Sources */ = {isa = PBXBuildFile; fileRef = 2AAFAAC81DEF2D9300B35493 /* nanovg.c */; };
		2AAFAB021DEF2D9300B35493 /* README.md in Sources */ = {isa = PBXBuildFile; fileRef = 2AAFAACE1DEF2D9300B35493 /* README.md */; };
		2AAFAB031DEF2D9300B35493 /* ofxNanoVG.cpp in Sources */ = {isa = PBXBuildFile; fileRef = 2AAFAAD01DEF2D9300B35493 /* ofxNanoVG.cpp */; };
		2FD33611407580C3266D3925 /* OscReceivedElements.cpp in Sources */ = {isa = PBXBuildFile; fileRef = 8BB1A268C020202BB5F23828 /* OscReceivedElements.cpp */; };
		44A35064D139C35523A14874 /* OscOutboundPacketStream.cpp in Sources */ = {isa = PBXBuildFile; fileRef = 421391EA5EE440CC0A4D1441 /* OscOutboundPacketStream.cpp */; };
		46CCEEF78216D36E9D5AAC05 /* ofxOscReceiver.cpp in Sources */ = {isa = PBXBuildFile; fileRef = 5E666C7979E244C7F8EFB137 /* ofxOscReceiver.cpp */; };
		51311032AF6D46EB9144F0C7 /* tinyxmlparser.cpp in Sources */ = {isa = PBXBuildFile; fileRef = 27E603A09371D4F201E7AB74 /* tinyxmlparser.cpp */; };
		57514656C6121DBD7B1B5F1E /* ofxXmlSettings.cpp in Sources */ = {isa = PBXBuildFile; fileRef = 77B6A122F59697CD3D883DA2 /* ofxXmlSettings.cpp */; };
		60476CA392A3D532EA8F87BD /* OscPrintReceivedElements.cpp in Sources */ = {isa = PBXBuildFile; fileRef = FD7B132F26429378A5F4B429 /* OscPrintReceivedElements.cpp */; };
		7B6CC54CA98C7D2C6C5DA243 /* UdpSocket.cpp in Sources */ = {isa = PBXBuildFile; fileRef = 862318F9181D9731B26A7D12 /* UdpSocket.cpp */; };
		7F8CE38CEA7B29A08FB87974 /* tinyxml.cpp in Sources */ = {isa = PBXBuildFile; fileRef = 4AA7876E8AE07A41B33AD46E /* tinyxml.cpp */; };
		8C9561053A4DDA535D723E05 /* IpEndpointName.cpp in Sources */ = {isa = PBXBuildFile; fileRef = A96D17E1350034289CF0A204 /* IpEndpointName.cpp */; };
		8E4803896B3157AE8ADCB02E /* tinyxmlerror.cpp in Sources */ = {isa = PBXBuildFile; fileRef = BC825A4168A0DF78F0ACE6A7 /* tinyxmlerror.cpp */; };
		9C38248E00C38F3FE8A3CD48 /* OscTypes.cpp in Sources */ = {isa = PBXBuildFile; fileRef = 8164B4532958D713015BAD1E /* OscTypes.cpp */; };
		9FE36281A605FA2D6872B2A0 /* ofxOscSender.cpp in Sources */ = {isa = PBXBuildFile; fileRef = 0B05D61FE77EF8123BEB2411 /* ofxOscSender.cpp */; };
		AF7D4C5C3CCD200B0A74A6B1 /* NetworkingUtils.cpp in Sources */ = {isa = PBXBuildFile; fileRef = 72F099C5F33B207C4889B181 /* NetworkingUtils.cpp */; };
		CB727100FA02D41902B85DF3 /* ofxOscBundle.cpp in Sources */ = {isa = PBXBuildFile; fileRef = 454FFAAECF5797C388EC4185 /* ofxOscBundle.cpp */; };
		E4328149138ABC9F0047C5CB /* openFrameworksDebug.a in Frameworks */ = {isa = PBXBuildFile; fileRef = E4328148138ABC890047C5CB /* openFrameworksDebug.a */; };
		E4B69E200A3A1BDC003C02F2 /* main.cpp in Sources */ = {isa = PBXBuildFile; fileRef = E4B69E1D0A3A1BDC003C02F2 /* main.cpp */; };
		E4B69E210A3A1BDC003C02F2 /* ofApp.cpp in Sources */ = {isa = PBXBuildFile; fileRef = E4B69E1E0A3A1BDC003C02F2 /* ofApp.cpp */; };
/* End PBXBuildFile section */

/* Begin PBXContainerItemProxy section */
		E4328147138ABC890047C5CB /* PBXContainerItemProxy */ = {
			isa = PBXContainerItemProxy;
			containerPortal = E4328143138ABC890047C5CB /* openFrameworksLib.xcodeproj */;
			proxyType = 2;
			remoteGlobalIDString = E4B27C1510CBEB8E00536013;
			remoteInfo = openFrameworks;
		};
		E4EEB9AB138B136A00A80321 /* PBXContainerItemProxy */ = {
			isa = PBXContainerItemProxy;
			containerPortal = E4328143138ABC890047C5CB /* openFrameworksLib.xcodeproj */;
			proxyType = 1;
			remoteGlobalIDString = E4B27C1410CBEB8E00536013;
			remoteInfo = openFrameworks;
		};
/* End PBXContainerItemProxy section */

/* Begin PBXCopyFilesBuildPhase section */
		E4C2427710CC5ABF004149E2 /* CopyFiles */ = {
			isa = PBXCopyFilesBuildPhase;
			buildActionMask = 2147483647;
			dstPath = "";
			dstSubfolderSpec = 10;
			files = (
			);
			runOnlyForDeploymentPostprocessing = 0;
		};
/* End PBXCopyFilesBuildPhase section */

/* Begin PBXFileReference section */
		096BE7B32DBB810C302EB1E1 /* OscOutboundPacketStream.h */ = {isa = PBXFileReference; explicitFileType = sourcecode.c.h; fileEncoding = 30; name = OscOutboundPacketStream.h; path = ../../openFrameworks/addons/ofxOsc/libs/oscpack/src/osc/OscOutboundPacketStream.h; sourceTree = SOURCE_ROOT; };
		0B05D61FE77EF8123BEB2411 /* ofxOscSender.cpp */ = {isa = PBXFileReference; explicitFileType = sourcecode.cpp.cpp; fileEncoding = 30; name = ofxOscSender.cpp; path = ../../openFrameworks/addons/ofxOsc/src/ofxOscSender.cpp; sourceTree = SOURCE_ROOT; };
		12B66084FF2CF7E9003DD606 /* OscException.h */ = {isa = PBXFileReference; explicitFileType = sourcecode.c.h; fileEncoding = 30; name = OscException.h; path = ../../openFrameworks/addons/ofxOsc/libs/oscpack/src/osc/OscException.h; sourceTree = SOURCE_ROOT; };
		27C23E72677CDA8043BF53CA /* ofxOsc.h */ = {isa = PBXFileReference; explicitFileType = sourcecode.c.h; fileEncoding = 30; name = ofxOsc.h; path = ../../openFrameworks/addons/ofxOsc/src/ofxOsc.h; sourceTree = SOURCE_ROOT; };
		27E603A09371D4F201E7AB74 /* tinyxmlparser.cpp */ = {isa = PBXFileReference; explicitFileType = sourcecode.cpp.cpp; fileEncoding = 30; name = tinyxmlparser.cpp; path = ../../openFrameworks/addons/ofxXmlSettings/libs/tinyxmlparser.cpp; sourceTree = SOURCE_ROOT; };
		29E5A84494A159405C658395 /* ofxOscParameterSync.cpp */ = {isa = PBXFileReference; explicitFileType = sourcecode.cpp.cpp; fileEncoding = 30; name = ofxOscParameterSync.cpp; path = ../../openFrameworks/addons/ofxOsc/src/ofxOscParameterSync.cpp; sourceTree = SOURCE_ROOT; };
		2A1270081E1D6FA90090989F /* ofxCling.cpp */ = {isa = PBXFileReference; fileEncoding = 4; lastKnownFileType = sourcecode.cpp.cpp; path = ofxCling.cpp; sourceTree = "<group>"; };
		2A1270091E1D6FA90090989F /* ofxCling.h */ = {isa = PBXFileReference; fileEncoding = 4; lastKnownFileType = sourcecode.c.h; path = ofxCling.h; sourceTree = "<group>"; };
		2A81491C1E26A5EA00135792 /* ofxInterfaceTextEditor.cpp */ = {isa = PBXFileReference; fileEncoding = 4; lastKnownFileType = sourcecode.cpp.cpp; path = ofxInterfaceTextEditor.cpp; sourceTree = "<group>"; };
		2A81491D1E26A5EA00135792 /* ofxInterfaceTextEditor.h */ = {isa = PBXFileReference; fileEncoding = 4; lastKnownFileType = sourcecode.c.h; path = ofxInterfaceTextEditor.h; sourceTree = "<group>"; };
		2AACCFEB1DF1D8E7008B00D6 /* ofxJSON.cpp */ = {isa = PBXFileReference; fileEncoding = 4; lastKnownFileType = sourcecode.cpp.cpp; path = ofxJSON.cpp; sourceTree = "<group>"; };
		2AAFAA1E1DEF2D9300B35493 /* BitmapTextButton.cpp */ = {isa = PBXFileReference; fileEncoding = 4; lastKnownFileType = sourcecode.cpp.cpp; path = BitmapTextButton.cpp; sourceTree = "<group>"; };
		2AAFAA1F1DEF2D9300B35493 /* BitmapTextButton.h */ = {isa = PBXFileReference; fileEncoding = 4; lastKnownFileType = sourcecode.c.h; path = BitmapTextButton.h; sourceTree = "<group>"; };
		2AAFAA201DEF2D9300B35493 /* LambdaView.cpp */ = {isa = PBXFileReference; fileEncoding = 4; lastKnownFileType = sourcecode.cpp.cpp; path = LambdaView.cpp; sourceTree = "<group>"; };
		2AAFAA211DEF2D9300B35493 /* LambdaView.h */ = {isa = PBXFileReference; fileEncoding = 4; lastKnownFileType = sourcecode.c.h; path = LambdaView.h; sourceTree = "<group>"; };
		2AAFAA221DEF2D9300B35493 /* SolidColorPanel.cpp */ = {isa = PBXFileReference; fileEncoding = 4; lastKnownFileType = sourcecode.cpp.cpp; path = SolidColorPanel.cpp; sourceTree = "<group>"; };
		2AAFAA231DEF2D9300B35493 /* SolidColorPanel.h */ = {isa = PBXFileReference; fileEncoding = 4; lastKnownFileType = sourcecode.c.h; path = SolidColorPanel.h; sourceTree = "<group>"; };
		2AAFAA241DEF2D9300B35493 /* TextureButton.cpp */ = {isa = PBXFileReference; fileEncoding = 4; lastKnownFileType = sourcecode.cpp.cpp; path = TextureButton.cpp; sourceTree = "<group>"; };
		2AAFAA251DEF2D9300B35493 /* TextureButton.h */ = {isa = PBXFileReference; fileEncoding = 4; lastKnownFileType = sourcecode.c.h; path = TextureButton.h; sourceTree = "<group>"; };
		2AAFAA261DEF2D9300B35493 /* Node.cpp */ = {isa = PBXFileReference; fileEncoding = 4; lastKnownFileType = sourcecode.cpp.cpp; path = Node.cpp; sourceTree = "<group>"; };
		2AAFAA271DEF2D9300B35493 /* Node.h */ = {isa = PBXFileReference; fileEncoding = 4; lastKnownFileType = sourcecode.c.h; path = Node.h; sourceTree = "<group>"; };
		2AAFAA281DEF2D9300B35493 /* ofxInterface.h */ = {isa = PBXFileReference; fileEncoding = 4; lastKnownFileType = sourcecode.c.h; path = ofxInterface.h; sourceTree = "<group>"; };
		2AAFAA291DEF2D9300B35493 /* TouchEvent.cpp */ = {isa = PBXFileReference; fileEncoding = 4; lastKnownFileType = sourcecode.cpp.cpp; path = TouchEvent.cpp; sourceTree = "<group>"; };
		2AAFAA2A1DEF2D9300B35493 /* TouchEvent.h */ = {isa = PBXFileReference; fileEncoding = 4; lastKnownFileType = sourcecode.c.h; path = TouchEvent.h; sourceTree = "<group>"; };
		2AAFAA2B1DEF2D9300B35493 /* TouchManager.cpp */ = {isa = PBXFileReference; fileEncoding = 4; lastKnownFileType = sourcecode.cpp.cpp; path = TouchManager.cpp; sourceTree = "<group>"; };
		2AAFAA2C1DEF2D9300B35493 /* TouchManager.h */ = {isa = PBXFileReference; fileEncoding = 4; lastKnownFileType = sourcecode.c.h; path = TouchManager.h; sourceTree = "<group>"; };
		2AAFAA2D1DEF2D9300B35493 /* VirtualTouch.cpp */ = {isa = PBXFileReference; fileEncoding = 4; lastKnownFileType = sourcecode.cpp.cpp; path = VirtualTouch.cpp; sourceTree = "<group>"; };
		2AAFAA2E1DEF2D9300B35493 /* VirtualTouch.h */ = {isa = PBXFileReference; fileEncoding = 4; lastKnownFileType = sourcecode.c.h; path = VirtualTouch.h; sourceTree = "<group>"; };
		2AAFAA7A1DEF2D9300B35493 /* json-forwards.h */ = {isa = PBXFileReference; fileEncoding = 4; lastKnownFileType = sourcecode.c.h; path = "json-forwards.h"; sourceTree = "<group>"; };
		2AAFAA7B1DEF2D9300B35493 /* json.h */ = {isa = PBXFileReference; fileEncoding = 4; lastKnownFileType = sourcecode.c.h; path = json.h; sourceTree = "<group>"; };
		2AAFAA7D1DEF2D9300B35493 /* jsoncpp.cpp */ = {isa = PBXFileReference; fileEncoding = 4; lastKnownFileType = sourcecode.cpp.cpp; path = jsoncpp.cpp; sourceTree = "<group>"; };
		2AAFAA801DEF2D9300B35493 /* ofxJSON.h */ = {isa = PBXFileReference; fileEncoding = 4; lastKnownFileType = sourcecode.c.h; path = ofxJSON.h; sourceTree = "<group>"; };
		2AAFAA841DEF2D9300B35493 /* .gitignore */ = {isa = PBXFileReference; fileEncoding = 4; lastKnownFileType = text; path = .gitignore; sourceTree = "<group>"; };
		2AAFAA851DEF2D9300B35493 /* README.md */ = {isa = PBXFileReference; fileEncoding = 4; lastKnownFileType = net.daringfireball.markdown; path = README.md; sourceTree = "<group>"; };
		2AAFAA871DEF2D9300B35493 /* ofxJsonParser.cpp */ = {isa = PBXFileReference; fileEncoding = 4; lastKnownFileType = sourcecode.cpp.cpp; path = ofxJsonParser.cpp; sourceTree = "<group>"; };
		2AAFAA881DEF2D9300B35493 /* ofxJsonParser.h */ = {isa = PBXFileReference; fileEncoding = 4; lastKnownFileType = sourcecode.c.h; path = ofxJsonParser.h; sourceTree = "<group>"; };
		2AAFAA8A1DEF2D9300B35493 /* .gitignore */ = {isa = PBXFileReference; fileEncoding = 4; lastKnownFileType = text; path = .gitignore; sourceTree = "<group>"; };
		2AAFAA8B1DEF2D9300B35493 /* .gitmodules */ = {isa = PBXFileReference; fileEncoding = 4; lastKnownFileType = text; path = .gitmodules; sourceTree = "<group>"; };
		2AAFAA9C1DEF2D9300B35493 /* nanosvg.h */ = {isa = PBXFileReference; fileEncoding = 4; lastKnownFileType = sourcecode.c.h; path = nanosvg.h; sourceTree = "<group>"; };
		2AAFAA9D1DEF2D9300B35493 /* nanosvgrast.h */ = {isa = PBXFileReference; fileEncoding = 4; lastKnownFileType = sourcecode.c.h; path = nanosvgrast.h; sourceTree = "<group>"; };
		2AAFAAC71DEF2D9300B35493 /* fontstash.h */ = {isa = PBXFileReference; fileEncoding = 4; lastKnownFileType = sourcecode.c.h; path = fontstash.h; sourceTree = "<group>"; };
		2AAFAAC81DEF2D9300B35493 /* nanovg.c */ = {isa = PBXFileReference; fileEncoding = 4; lastKnownFileType = sourcecode.c.c; path = nanovg.c; sourceTree = "<group>"; };
		2AAFAAC91DEF2D9300B35493 /* nanovg.h */ = {isa = PBXFileReference; fileEncoding = 4; lastKnownFileType = sourcecode.c.h; path = nanovg.h; sourceTree = "<group>"; };
		2AAFAACA1DEF2D9300B35493 /* nanovg_gl.h */ = {isa = PBXFileReference; fileEncoding = 4; lastKnownFileType = sourcecode.c.h; path = nanovg_gl.h; sourceTree = "<group>"; };
		2AAFAACB1DEF2D9300B35493 /* nanovg_gl_utils.h */ = {isa = PBXFileReference; fileEncoding = 4; lastKnownFileType = sourcecode.c.h; path = nanovg_gl_utils.h; sourceTree = "<group>"; };
		2AAFAACC1DEF2D9300B35493 /* stb_image.h */ = {isa = PBXFileReference; fileEncoding = 4; lastKnownFileType = sourcecode.c.h; path = stb_image.h; sourceTree = "<group>"; };
		2AAFAACD1DEF2D9300B35493 /* stb_truetype.h */ = {isa = PBXFileReference; fileEncoding = 4; lastKnownFileType = sourcecode.c.h; path = stb_truetype.h; sourceTree = "<group>"; };
		2AAFAACE1DEF2D9300B35493 /* README.md */ = {isa = PBXFileReference; fileEncoding = 4; lastKnownFileType = net.daringfireball.markdown; path = README.md; sourceTree = "<group>"; };
		2AAFAAD01DEF2D9300B35493 /* ofxNanoVG.cpp */ = {isa = PBXFileReference; fileEncoding = 4; lastKnownFileType = sourcecode.cpp.cpp; path = ofxNanoVG.cpp; sourceTree = "<group>"; };
		2AAFAAD11DEF2D9300B35493 /* ofxNanoVG.h */ = {isa = PBXFileReference; fileEncoding = 4; lastKnownFileType = sourcecode.c.h; path = ofxNanoVG.h; sourceTree = "<group>"; };
		2AAFAB0A1DEF415F00B35493 /* data */ = {isa = PBXFileReference; lastKnownFileType = folder; name = data; path = bin/data; sourceTree = "<group>"; };
		2EEBDDEEA8CACA9051836C2E /* ofxOscParameterSync.h */ = {isa = PBXFileReference; explicitFileType = sourcecode.c.h; fileEncoding = 30; name = ofxOscParameterSync.h; path = ../../openFrameworks/addons/ofxOsc/src/ofxOscParameterSync.h; sourceTree = SOURCE_ROOT; };
		3137CEF1BCCAD71B77E1C2E6 /* ofxXmlSettings.h */ = {isa = PBXFileReference; explicitFileType = sourcecode.c.h; fileEncoding = 30; name = ofxXmlSettings.h; path = ../../openFrameworks/addons/ofxXmlSettings/src/ofxXmlSettings.h; sourceTree = SOURCE_ROOT; };
		40CA31C413F7C55CEB119220 /* ofxOscMessage.h */ = {isa = PBXFileReference; explicitFileType = sourcecode.c.h; fileEncoding = 30; name = ofxOscMessage.h; path = ../../openFrameworks/addons/ofxOsc/src/ofxOscMessage.h; sourceTree = SOURCE_ROOT; };
		41F292A6FB83ABD3C05B055A /* ofxOscReceiver.h */ = {isa = PBXFileReference; explicitFileType = sourcecode.c.h; fileEncoding = 30; name = ofxOscReceiver.h; path = ../../openFrameworks/addons/ofxOsc/src/ofxOscReceiver.h; sourceTree = SOURCE_ROOT; };
		421391EA5EE440CC0A4D1441 /* OscOutboundPacketStream.cpp */ = {isa = PBXFileReference; explicitFileType = sourcecode.cpp.cpp; fileEncoding = 30; name = OscOutboundPacketStream.cpp; path = ../../openFrameworks/addons/ofxOsc/libs/oscpack/src/osc/OscOutboundPacketStream.cpp; sourceTree = SOURCE_ROOT; };
		454FFAAECF5797C388EC4185 /* ofxOscBundle.cpp */ = {isa = PBXFileReference; explicitFileType = sourcecode.cpp.cpp; fileEncoding = 30; name = ofxOscBundle.cpp; path = ../../openFrameworks/addons/ofxOsc/src/ofxOscBundle.cpp; sourceTree = SOURCE_ROOT; };
		4962271C5E616A65521819EE /* TimerListener.h */ = {isa = PBXFileReference; explicitFileType = sourcecode.c.h; fileEncoding = 30; name = TimerListener.h; path = ../../openFrameworks/addons/ofxOsc/libs/oscpack/src/ip/TimerListener.h; sourceTree = SOURCE_ROOT; };
		4AA7876E8AE07A41B33AD46E /* tinyxml.cpp */ = {isa = PBXFileReference; explicitFileType = sourcecode.cpp.cpp; fileEncoding = 30; name = tinyxml.cpp; path = ../../openFrameworks/addons/ofxXmlSettings/libs/tinyxml.cpp; sourceTree = SOURCE_ROOT; };
		5E666C7979E244C7F8EFB137 /* ofxOscReceiver.cpp */ = {isa = PBXFileReference; explicitFileType = sourcecode.cpp.cpp; fileEncoding = 30; name = ofxOscReceiver.cpp; path = ../../openFrameworks/addons/ofxOsc/src/ofxOscReceiver.cpp; sourceTree = SOURCE_ROOT; };
		5FCDE4887EA292C78EE7000E /* ofxOscSender.h */ = {isa = PBXFileReference; explicitFileType = sourcecode.c.h; fileEncoding = 30; name = ofxOscSender.h; path = ../../openFrameworks/addons/ofxOsc/src/ofxOscSender.h; sourceTree = SOURCE_ROOT; };
		72F099C5F33B207C4889B181 /* NetworkingUtils.cpp */ = {isa = PBXFileReference; explicitFileType = sourcecode.cpp.cpp; fileEncoding = 30; name = NetworkingUtils.cpp; path = ../../openFrameworks/addons/ofxOsc/libs/oscpack/src/ip/posix/NetworkingUtils.cpp; sourceTree = SOURCE_ROOT; };
		77B6A122F59697CD3D883DA2 /* ofxXmlSettings.cpp */ = {isa = PBXFileReference; explicitFileType = sourcecode.cpp.cpp; fileEncoding = 30; name = ofxXmlSettings.cpp; path = ../../openFrameworks/addons/ofxXmlSettings/src/ofxXmlSettings.cpp; sourceTree = SOURCE_ROOT; };
		8131096EF548CFAE1E67DB8D /* OscPrintReceivedElements.h */ = {isa = PBXFileReference; explicitFileType = sourcecode.c.h; fileEncoding = 30; name = OscPrintReceivedElements.h; path = ../../openFrameworks/addons/ofxOsc/libs/oscpack/src/osc/OscPrintReceivedElements.h; sourceTree = SOURCE_ROOT; };
		8164B4532958D713015BAD1E /* OscTypes.cpp */ = {isa = PBXFileReference; explicitFileType = sourcecode.cpp.cpp; fileEncoding = 30; name = OscTypes.cpp; path = ../../openFrameworks/addons/ofxOsc/libs/oscpack/src/osc/OscTypes.cpp; sourceTree = SOURCE_ROOT; };
		8269E5B8852E09EF3B7F3C14 /* MessageMappingOscPacketListener.h */ = {isa = PBXFileReference; explicitFileType = sourcecode.c.h; fileEncoding = 30; name = MessageMappingOscPacketListener.h; path = ../../openFrameworks/addons/ofxOsc/libs/oscpack/src/osc/MessageMappingOscPacketListener.h; sourceTree = SOURCE_ROOT; };
		83FDF213A1FE0ADCC5BAF6EE /* ofxOscBundle.h */ = {isa = PBXFileReference; explicitFileType = sourcecode.c.h; fileEncoding = 30; name = ofxOscBundle.h; path = ../../openFrameworks/addons/ofxOsc/src/ofxOscBundle.h; sourceTree = SOURCE_ROOT; };
		862318F9181D9731B26A7D12 /* UdpSocket.cpp */ = {isa = PBXFileReference; explicitFileType = sourcecode.cpp.cpp; fileEncoding = 30; name = UdpSocket.cpp; path = ../../openFrameworks/addons/ofxOsc/libs/oscpack/src/ip/posix/UdpSocket.cpp; sourceTree = SOURCE_ROOT; };
		8BB1A268C020202BB5F23828 /* OscReceivedElements.cpp */ = {isa = PBXFileReference; explicitFileType = sourcecode.cpp.cpp; fileEncoding = 30; name = OscReceivedElements.cpp; path = ../../openFrameworks/addons/ofxOsc/libs/oscpack/src/osc/OscReceivedElements.cpp; sourceTree = SOURCE_ROOT; };
		9DB506652351C4E71E488395 /* tinyxml.h */ = {isa = PBXFileReference; explicitFileType = sourcecode.c.h; fileEncoding = 30; name = tinyxml.h; path = ../../openFrameworks/addons/ofxXmlSettings/libs/tinyxml.h; sourceTree = SOURCE_ROOT; };
		9F6D9137EF0F5340B863F6EE /* NetworkingUtils.h */ = {isa = PBXFileReference; explicitFileType = sourcecode.c.h; fileEncoding = 30; name = NetworkingUtils.h; path = ../../openFrameworks/addons/ofxOsc/libs/oscpack/src/ip/NetworkingUtils.h; sourceTree = SOURCE_ROOT; };
		A96D17E1350034289CF0A204 /* IpEndpointName.cpp */ = {isa = PBXFileReference; explicitFileType = sourcecode.cpp.cpp; fileEncoding = 30; name = IpEndpointName.cpp; path = ../../openFrameworks/addons/ofxOsc/libs/oscpack/src/ip/IpEndpointName.cpp; sourceTree = SOURCE_ROOT; };
		AAB20AA4C5259DB90258770A /* UdpSocket.h */ = {isa = PBXFileReference; explicitFileType = sourcecode.c.h; fileEncoding = 30; name = UdpSocket.h; path = ../../openFrameworks/addons/ofxOsc/libs/oscpack/src/ip/UdpSocket.h; sourceTree = SOURCE_ROOT; };
		BC825A4168A0DF78F0ACE6A7 /* tinyxmlerror.cpp */ = {isa = PBXFileReference; explicitFileType = sourcecode.cpp.cpp; fileEncoding = 30; name = tinyxmlerror.cpp; path = ../../openFrameworks/addons/ofxXmlSettings/libs/tinyxmlerror.cpp; sourceTree = SOURCE_ROOT; };
		C3A653A647A4568CB0DBCE3B /* ofxOscMessage.cpp */ = {isa = PBXFileReference; explicitFileType = sourcecode.cpp.cpp; fileEncoding = 30; name = ofxOscMessage.cpp; path = ../../openFrameworks/addons/ofxOsc/src/ofxOscMessage.cpp; sourceTree = SOURCE_ROOT; };
		C7AE5E5D175C3CB61FB6E1DF /* OscPacketListener.h */ = {isa = PBXFileReference; explicitFileType = sourcecode.c.h; fileEncoding = 30; name = OscPacketListener.h; path = ../../openFrameworks/addons/ofxOsc/libs/oscpack/src/osc/OscPacketListener.h; sourceTree = SOURCE_ROOT; };
		C86809FF9C33CF61A7CD658C /* OscReceivedElements.h */ = {isa = PBXFileReference; explicitFileType = sourcecode.c.h; fileEncoding = 30; name = OscReceivedElements.h; path = ../../openFrameworks/addons/ofxOsc/libs/oscpack/src/osc/OscReceivedElements.h; sourceTree = SOURCE_ROOT; };
		C9CDC41543676766303A2636 /* IpEndpointName.h */ = {isa = PBXFileReference; explicitFileType = sourcecode.c.h; fileEncoding = 30; name = IpEndpointName.h; path = ../../openFrameworks/addons/ofxOsc/libs/oscpack/src/ip/IpEndpointName.h; sourceTree = SOURCE_ROOT; };
		DC631AEA4961A1F0D2E6070D /* ofxOscArg.h */ = {isa = PBXFileReference; explicitFileType = sourcecode.c.h; fileEncoding = 30; name = ofxOscArg.h; path = ../../openFrameworks/addons/ofxOsc/src/ofxOscArg.h; sourceTree = SOURCE_ROOT; };
		DD3F36E27BB1AEAB17C01777 /* PacketListener.h */ = {isa = PBXFileReference; explicitFileType = sourcecode.c.h; fileEncoding = 30; name = PacketListener.h; path = ../../openFrameworks/addons/ofxOsc/libs/oscpack/src/ip/PacketListener.h; sourceTree = SOURCE_ROOT; };
		E4328143138ABC890047C5CB /* openFrameworksLib.xcodeproj */ = {isa = PBXFileReference; lastKnownFileType = "wrapper.pb-project"; name = openFrameworksLib.xcodeproj; path = ../../openFrameworks/libs/openFrameworksCompiled/project/osx/openFrameworksLib.xcodeproj; sourceTree = SOURCE_ROOT; };
		E4B69B5B0A3A1756003C02F2 /* ClingOFPlaygroundDebug.app */ = {isa = PBXFileReference; explicitFileType = wrapper.application; includeInIndex = 0; path = ClingOFPlaygroundDebug.app; sourceTree = BUILT_PRODUCTS_DIR; };
		E4B69E1D0A3A1BDC003C02F2 /* main.cpp */ = {isa = PBXFileReference; fileEncoding = 30; lastKnownFileType = sourcecode.cpp.cpp; name = main.cpp; path = src/main.cpp; sourceTree = SOURCE_ROOT; };
		E4B69E1E0A3A1BDC003C02F2 /* ofApp.cpp */ = {isa = PBXFileReference; explicitFileType = sourcecode.cpp.cpp; fileEncoding = 30; name = ofApp.cpp; path = src/ofApp.cpp; sourceTree = SOURCE_ROOT; };
		E4B69E1F0A3A1BDC003C02F2 /* ofApp.h */ = {isa = PBXFileReference; fileEncoding = 30; lastKnownFileType = sourcecode.c.h; name = ofApp.h; path = src/ofApp.h; sourceTree = SOURCE_ROOT; };
		E4B6FCAD0C3E899E008CF71C /* openFrameworks-Info.plist */ = {isa = PBXFileReference; fileEncoding = 30; lastKnownFileType = text.plist.xml; path = "openFrameworks-Info.plist"; sourceTree = "<group>"; };
		E4EB691F138AFCF100A09F29 /* CoreOF.xcconfig */ = {isa = PBXFileReference; fileEncoding = 4; lastKnownFileType = text.xcconfig; name = CoreOF.xcconfig; path = ../../openFrameworks/libs/openFrameworksCompiled/project/osx/CoreOF.xcconfig; sourceTree = SOURCE_ROOT; };
		E4EB6923138AFD0F00A09F29 /* Project.xcconfig */ = {isa = PBXFileReference; fileEncoding = 4; lastKnownFileType = text.xcconfig; path = Project.xcconfig; sourceTree = "<group>"; };
		FCA22F20BF599A22501F38B8 /* OscHostEndianness.h */ = {isa = PBXFileReference; explicitFileType = sourcecode.c.h; fileEncoding = 30; name = OscHostEndianness.h; path = ../../openFrameworks/addons/ofxOsc/libs/oscpack/src/osc/OscHostEndianness.h; sourceTree = SOURCE_ROOT; };
		FCF02C7CEF17598E87CE5A2D /* OscTypes.h */ = {isa = PBXFileReference; explicitFileType = sourcecode.c.h; fileEncoding = 30; name = OscTypes.h; path = ../../openFrameworks/addons/ofxOsc/libs/oscpack/src/osc/OscTypes.h; sourceTree = SOURCE_ROOT; };
		FD7B132F26429378A5F4B429 /* OscPrintReceivedElements.cpp */ = {isa = PBXFileReference; explicitFileType = sourcecode.cpp.cpp; fileEncoding = 30; name = OscPrintReceivedElements.cpp; path = ../../openFrameworks/addons/ofxOsc/libs/oscpack/src/osc/OscPrintReceivedElements.cpp; sourceTree = SOURCE_ROOT; };
/* End PBXFileReference section */

/* Begin PBXFrameworksBuildPhase section */
		E4B69B590A3A1756003C02F2 /* Frameworks */ = {
			isa = PBXFrameworksBuildPhase;
			buildActionMask = 2147483647;
			files = (
				E4328149138ABC9F0047C5CB /* openFrameworksDebug.a in Frameworks */,
			);
			runOnlyForDeploymentPostprocessing = 0;
		};
/* End PBXFrameworksBuildPhase section */

/* Begin PBXGroup section */
		1F4FB5C423662B96ADFDCC0B /* ofxXmlSettings */ = {
			isa = PBXGroup;
			children = (
				6ECEF0D76BC33727823EADFF /* src */,
				6E54289412D2D94F45A05113 /* libs */,
			);
			name = ofxXmlSettings;
			sourceTree = "<group>";
		};
		2A8148FF1E26A5EA00135792 /* ofxInterfaceTextEditor */ = {
			isa = PBXGroup;
			children = (
				2A81491B1E26A5EA00135792 /* src */,
			);
			name = ofxInterfaceTextEditor;
			path = ../../external_addons/ofxInterfaceTextEditor;
			sourceTree = "<group>";
		};
		2A81491B1E26A5EA00135792 /* src */ = {
			isa = PBXGroup;
			children = (
				2A81491C1E26A5EA00135792 /* ofxInterfaceTextEditor.cpp */,
				2A81491D1E26A5EA00135792 /* ofxInterfaceTextEditor.h */,
			);
			path = src;
			sourceTree = "<group>";
		};
		2AAFAA061DEF2D9300B35493 /* ofxInterface */ = {
			isa = PBXGroup;
			children = (
				2AAFAA1C1DEF2D9300B35493 /* src */,
			);
			name = ofxInterface;
			path = ../../external_addons/ofxInterface;
			sourceTree = "<group>";
		};
		2AAFAA1C1DEF2D9300B35493 /* src */ = {
			isa = PBXGroup;
			children = (
				2AAFAA1D1DEF2D9300B35493 /* components */,
				2AAFAA261DEF2D9300B35493 /* Node.cpp */,
				2AAFAA271DEF2D9300B35493 /* Node.h */,
				2AAFAA281DEF2D9300B35493 /* ofxInterface.h */,
				2AAFAA291DEF2D9300B35493 /* TouchEvent.cpp */,
				2AAFAA2A1DEF2D9300B35493 /* TouchEvent.h */,
				2AAFAA2B1DEF2D9300B35493 /* TouchManager.cpp */,
				2AAFAA2C1DEF2D9300B35493 /* TouchManager.h */,
				2AAFAA2D1DEF2D9300B35493 /* VirtualTouch.cpp */,
				2AAFAA2E1DEF2D9300B35493 /* VirtualTouch.h */,
			);
			path = src;
			sourceTree = "<group>";
		};
		2AAFAA1D1DEF2D9300B35493 /* components */ = {
			isa = PBXGroup;
			children = (
				2AAFAA1E1DEF2D9300B35493 /* BitmapTextButton.cpp */,
				2AAFAA1F1DEF2D9300B35493 /* BitmapTextButton.h */,
				2AAFAA201DEF2D9300B35493 /* LambdaView.cpp */,
				2AAFAA211DEF2D9300B35493 /* LambdaView.h */,
				2AAFAA221DEF2D9300B35493 /* SolidColorPanel.cpp */,
				2AAFAA231DEF2D9300B35493 /* SolidColorPanel.h */,
				2AAFAA241DEF2D9300B35493 /* TextureButton.cpp */,
				2AAFAA251DEF2D9300B35493 /* TextureButton.h */,
			);
			path = components;
			sourceTree = "<group>";
		};
		2AAFAA4F1DEF2D9300B35493 /* ofxJSON */ = {
			isa = PBXGroup;
			children = (
				2AAFAA761DEF2D9300B35493 /* libs */,
				2AAFAA7F1DEF2D9300B35493 /* src */,
			);
			name = ofxJSON;
			path = ../../external_addons/ofxJSON;
			sourceTree = "<group>";
		};
		2AAFAA761DEF2D9300B35493 /* libs */ = {
			isa = PBXGroup;
			children = (
				2AAFAA771DEF2D9300B35493 /* jsoncpp */,
			);
			path = libs;
			sourceTree = "<group>";
		};
		2AAFAA771DEF2D9300B35493 /* jsoncpp */ = {
			isa = PBXGroup;
			children = (
				2AAFAA781DEF2D9300B35493 /* include */,
				2AAFAA7C1DEF2D9300B35493 /* src */,
			);
			path = jsoncpp;
			sourceTree = "<group>";
		};
		2AAFAA781DEF2D9300B35493 /* include */ = {
			isa = PBXGroup;
			children = (
				2AAFAA791DEF2D9300B35493 /* json */,
			);
			path = include;
			sourceTree = "<group>";
		};
		2AAFAA791DEF2D9300B35493 /* json */ = {
			isa = PBXGroup;
			children = (
				2AAFAA7A1DEF2D9300B35493 /* json-forwards.h */,
				2AAFAA7B1DEF2D9300B35493 /* json.h */,
			);
			path = json;
			sourceTree = "<group>";
		};
		2AAFAA7C1DEF2D9300B35493 /* src */ = {
			isa = PBXGroup;
			children = (
				2AAFAA7D1DEF2D9300B35493 /* jsoncpp.cpp */,
			);
			path = src;
			sourceTree = "<group>";
		};
		2AAFAA7F1DEF2D9300B35493 /* src */ = {
			isa = PBXGroup;
			children = (
				2AAFAA801DEF2D9300B35493 /* ofxJSON.h */,
				2AACCFEB1DF1D8E7008B00D6 /* ofxJSON.cpp */,
			);
			path = src;
			sourceTree = "<group>";
		};
		2AAFAA831DEF2D9300B35493 /* ofxJsonHelper */ = {
			isa = PBXGroup;
			children = (
				2AAFAA841DEF2D9300B35493 /* .gitignore */,
				2AAFAA851DEF2D9300B35493 /* README.md */,
				2AAFAA861DEF2D9300B35493 /* src */,
			);
			name = ofxJsonHelper;
			path = ../../external_addons/ofxJsonHelper;
			sourceTree = "<group>";
		};
		2AAFAA861DEF2D9300B35493 /* src */ = {
			isa = PBXGroup;
			children = (
				2AAFAA871DEF2D9300B35493 /* ofxJsonParser.cpp */,
				2AAFAA881DEF2D9300B35493 /* ofxJsonParser.h */,
			);
			path = src;
			sourceTree = "<group>";
		};
		2AAFAA891DEF2D9300B35493 /* ofxNanoVG */ = {
			isa = PBXGroup;
			children = (
				2AAFAA8A1DEF2D9300B35493 /* .gitignore */,
				2AAFAA8B1DEF2D9300B35493 /* .gitmodules */,
				2AAFAA8C1DEF2D9300B35493 /* libs */,
				2AAFAACE1DEF2D9300B35493 /* README.md */,
				2AAFAACF1DEF2D9300B35493 /* src */,
			);
			name = ofxNanoVG;
			path = ../../external_addons/ofxNanoVG;
			sourceTree = "<group>";
		};
		2AAFAA8C1DEF2D9300B35493 /* libs */ = {
			isa = PBXGroup;
			children = (
				2AAFAA8D1DEF2D9300B35493 /* nanosvg */,
				2AAFAA9E1DEF2D9300B35493 /* nanovg */,
			);
			path = libs;
			sourceTree = "<group>";
		};
		2AAFAA8D1DEF2D9300B35493 /* nanosvg */ = {
			isa = PBXGroup;
			children = (
				2AAFAA9B1DEF2D9300B35493 /* src */,
			);
			path = nanosvg;
			sourceTree = "<group>";
		};
		2AAFAA9B1DEF2D9300B35493 /* src */ = {
			isa = PBXGroup;
			children = (
				2AAFAA9C1DEF2D9300B35493 /* nanosvg.h */,
				2AAFAA9D1DEF2D9300B35493 /* nanosvgrast.h */,
			);
			path = src;
			sourceTree = "<group>";
		};
		2AAFAA9E1DEF2D9300B35493 /* nanovg */ = {
			isa = PBXGroup;
			children = (
				2AAFAAC61DEF2D9300B35493 /* src */,
			);
			path = nanovg;
			sourceTree = "<group>";
		};
		2AAFAAC61DEF2D9300B35493 /* src */ = {
			isa = PBXGroup;
			children = (
				2AAFAAC71DEF2D9300B35493 /* fontstash.h */,
				2AAFAAC81DEF2D9300B35493 /* nanovg.c */,
				2AAFAAC91DEF2D9300B35493 /* nanovg.h */,
				2AAFAACA1DEF2D9300B35493 /* nanovg_gl.h */,
				2AAFAACB1DEF2D9300B35493 /* nanovg_gl_utils.h */,
				2AAFAACC1DEF2D9300B35493 /* stb_image.h */,
				2AAFAACD1DEF2D9300B35493 /* stb_truetype.h */,
			);
			path = src;
			sourceTree = "<group>";
		};
		2AAFAACF1DEF2D9300B35493 /* src */ = {
			isa = PBXGroup;
			children = (
				2AAFAAD01DEF2D9300B35493 /* ofxNanoVG.cpp */,
				2AAFAAD11DEF2D9300B35493 /* ofxNanoVG.h */,
			);
			path = src;
			sourceTree = "<group>";
		};
		2AF1631C1DFF47F000555DB3 /* ofxCling */ = {
			isa = PBXGroup;
			children = (
				2AF169771DFF47F100555DB3 /* src */,
			);
			name = ofxCling;
			path = ../../external_addons/ofxCling;
			sourceTree = "<group>";
		};
		2AF169771DFF47F100555DB3 /* src */ = {
			isa = PBXGroup;
			children = (
				2A1270081E1D6FA90090989F /* ofxCling.cpp */,
				2A1270091E1D6FA90090989F /* ofxCling.h */,
			);
			path = src;
			sourceTree = "<group>";
		};
		30CB364908817057B430D528 /* osc */ = {
			isa = PBXGroup;
			children = (
				8269E5B8852E09EF3B7F3C14 /* MessageMappingOscPacketListener.h */,
				12B66084FF2CF7E9003DD606 /* OscException.h */,
				FCA22F20BF599A22501F38B8 /* OscHostEndianness.h */,
				421391EA5EE440CC0A4D1441 /* OscOutboundPacketStream.cpp */,
				096BE7B32DBB810C302EB1E1 /* OscOutboundPacketStream.h */,
				C7AE5E5D175C3CB61FB6E1DF /* OscPacketListener.h */,
				FD7B132F26429378A5F4B429 /* OscPrintReceivedElements.cpp */,
				8131096EF548CFAE1E67DB8D /* OscPrintReceivedElements.h */,
				8BB1A268C020202BB5F23828 /* OscReceivedElements.cpp */,
				C86809FF9C33CF61A7CD658C /* OscReceivedElements.h */,
				8164B4532958D713015BAD1E /* OscTypes.cpp */,
				FCF02C7CEF17598E87CE5A2D /* OscTypes.h */,
			);
			name = osc;
			sourceTree = "<group>";
		};
		38871A5825686AE018EC2BF0 /* libs */ = {
			isa = PBXGroup;
			children = (
				86D2677079A3AF4A5A88E29A /* oscpack */,
			);
			name = libs;
			sourceTree = "<group>";
		};
		641362CA659FAFEE4E81001B /* posix */ = {
			isa = PBXGroup;
			children = (
				72F099C5F33B207C4889B181 /* NetworkingUtils.cpp */,
				862318F9181D9731B26A7D12 /* UdpSocket.cpp */,
			);
			name = posix;
			sourceTree = "<group>";
		};
		6948EE371B920CB800B5AC1A /* local_addons */ = {
			isa = PBXGroup;
			children = (
				2A8148FF1E26A5EA00135792 /* ofxInterfaceTextEditor */,
				2AF1631C1DFF47F000555DB3 /* ofxCling */,
				2AAFAA061DEF2D9300B35493 /* ofxInterface */,
				2AAFAA4F1DEF2D9300B35493 /* ofxJSON */,
				2AAFAA831DEF2D9300B35493 /* ofxJsonHelper */,
				2AAFAA891DEF2D9300B35493 /* ofxNanoVG */,
			);
			name = local_addons;
			sourceTree = "<group>";
		};
		6E54289412D2D94F45A05113 /* libs */ = {
			isa = PBXGroup;
			children = (
				4AA7876E8AE07A41B33AD46E /* tinyxml.cpp */,
				9DB506652351C4E71E488395 /* tinyxml.h */,
				BC825A4168A0DF78F0ACE6A7 /* tinyxmlerror.cpp */,
				27E603A09371D4F201E7AB74 /* tinyxmlparser.cpp */,
			);
			name = libs;
			sourceTree = "<group>";
		};
		6ECEF0D76BC33727823EADFF /* src */ = {
			isa = PBXGroup;
			children = (
				77B6A122F59697CD3D883DA2 /* ofxXmlSettings.cpp */,
				3137CEF1BCCAD71B77E1C2E6 /* ofxXmlSettings.h */,
			);
			name = src;
			sourceTree = "<group>";
		};
		86D2677079A3AF4A5A88E29A /* oscpack */ = {
			isa = PBXGroup;
			children = (
				D27B2221A225CA523C019676 /* src */,
			);
			name = oscpack;
			sourceTree = "<group>";
		};
		BB4B014C10F69532006C3DED /* addons */ = {
			isa = PBXGroup;
			children = (
				E6053AB7FEC63D5F83825B88 /* ofxOsc */,
				1F4FB5C423662B96ADFDCC0B /* ofxXmlSettings */,
			);
			name = addons;
			sourceTree = "<group>";
		};
		BD2F1A9F8D0C05EDB29122D0 /* src */ = {
			isa = PBXGroup;
			children = (
				27C23E72677CDA8043BF53CA /* ofxOsc.h */,
				DC631AEA4961A1F0D2E6070D /* ofxOscArg.h */,
				454FFAAECF5797C388EC4185 /* ofxOscBundle.cpp */,
				83FDF213A1FE0ADCC5BAF6EE /* ofxOscBundle.h */,
				C3A653A647A4568CB0DBCE3B /* ofxOscMessage.cpp */,
				40CA31C413F7C55CEB119220 /* ofxOscMessage.h */,
				29E5A84494A159405C658395 /* ofxOscParameterSync.cpp */,
				2EEBDDEEA8CACA9051836C2E /* ofxOscParameterSync.h */,
				5E666C7979E244C7F8EFB137 /* ofxOscReceiver.cpp */,
				41F292A6FB83ABD3C05B055A /* ofxOscReceiver.h */,
				0B05D61FE77EF8123BEB2411 /* ofxOscSender.cpp */,
				5FCDE4887EA292C78EE7000E /* ofxOscSender.h */,
			);
			name = src;
			sourceTree = "<group>";
		};
		D27B2221A225CA523C019676 /* src */ = {
			isa = PBXGroup;
			children = (
				FF8CDF57858E9B94E3237115 /* ip */,
				30CB364908817057B430D528 /* osc */,
			);
			name = src;
			sourceTree = "<group>";
		};
		E4328144138ABC890047C5CB /* Products */ = {
			isa = PBXGroup;
			children = (
				E4328148138ABC890047C5CB /* openFrameworksDebug.a */,
			);
			name = Products;
			sourceTree = "<group>";
		};
		E4B69B4A0A3A1720003C02F2 = {
			isa = PBXGroup;
			children = (
				2AAFAB0A1DEF415F00B35493 /* data */,
				E4B6FCAD0C3E899E008CF71C /* openFrameworks-Info.plist */,
				E4EB6923138AFD0F00A09F29 /* Project.xcconfig */,
				E4B69E1C0A3A1BDC003C02F2 /* src */,
				E4EEC9E9138DF44700A80321 /* openFrameworks */,
				BB4B014C10F69532006C3DED /* addons */,
				6948EE371B920CB800B5AC1A /* local_addons */,
				E4B69B5B0A3A1756003C02F2 /* ClingOFPlaygroundDebug.app */,
			);
			sourceTree = "<group>";
		};
		E4B69E1C0A3A1BDC003C02F2 /* src */ = {
			isa = PBXGroup;
			children = (
				E4B69E1D0A3A1BDC003C02F2 /* main.cpp */,
				E4B69E1E0A3A1BDC003C02F2 /* ofApp.cpp */,
				E4B69E1F0A3A1BDC003C02F2 /* ofApp.h */,
			);
			path = src;
			sourceTree = SOURCE_ROOT;
		};
		E4EEC9E9138DF44700A80321 /* openFrameworks */ = {
			isa = PBXGroup;
			children = (
				E4EB691F138AFCF100A09F29 /* CoreOF.xcconfig */,
				E4328143138ABC890047C5CB /* openFrameworksLib.xcodeproj */,
			);
			name = openFrameworks;
			sourceTree = "<group>";
		};
		E6053AB7FEC63D5F83825B88 /* ofxOsc */ = {
			isa = PBXGroup;
			children = (
				BD2F1A9F8D0C05EDB29122D0 /* src */,
				38871A5825686AE018EC2BF0 /* libs */,
			);
			name = ofxOsc;
			sourceTree = "<group>";
		};
		FF8CDF57858E9B94E3237115 /* ip */ = {
			isa = PBXGroup;
			children = (
				A96D17E1350034289CF0A204 /* IpEndpointName.cpp */,
				C9CDC41543676766303A2636 /* IpEndpointName.h */,
				9F6D9137EF0F5340B863F6EE /* NetworkingUtils.h */,
				DD3F36E27BB1AEAB17C01777 /* PacketListener.h */,
				641362CA659FAFEE4E81001B /* posix */,
				4962271C5E616A65521819EE /* TimerListener.h */,
				AAB20AA4C5259DB90258770A /* UdpSocket.h */,
			);
			name = ip;
			sourceTree = "<group>";
		};
/* End PBXGroup section */

/* Begin PBXNativeTarget section */
		E4B69B5A0A3A1756003C02F2 /* ClingOFPlayground */ = {
			isa = PBXNativeTarget;
			buildConfigurationList = E4B69B5F0A3A1757003C02F2 /* Build configuration list for PBXNativeTarget "ClingOFPlayground" */;
			buildPhases = (
				E4B69B580A3A1756003C02F2 /* Sources */,
				E4B69B590A3A1756003C02F2 /* Frameworks */,
				E4B6FFFD0C3F9AB9008CF71C /* ShellScript */,
				E4C2427710CC5ABF004149E2 /* CopyFiles */,
			);
			buildRules = (
			);
			dependencies = (
				E4EEB9AC138B136A00A80321 /* PBXTargetDependency */,
			);
			name = ClingOFPlayground;
			productName = myOFApp;
			productReference = E4B69B5B0A3A1756003C02F2 /* ClingOFPlaygroundDebug.app */;
			productType = "com.apple.product-type.application";
		};
/* End PBXNativeTarget section */

/* Begin PBXProject section */
		E4B69B4C0A3A1720003C02F2 /* Project object */ = {
			isa = PBXProject;
			attributes = {
				LastUpgradeCheck = 0600;
			};
			buildConfigurationList = E4B69B4D0A3A1720003C02F2 /* Build configuration list for PBXProject "ClingOFPlayground" */;
			compatibilityVersion = "Xcode 3.2";
			developmentRegion = English;
			hasScannedForEncodings = 0;
			knownRegions = (
				English,
				Japanese,
				French,
				German,
			);
			mainGroup = E4B69B4A0A3A1720003C02F2;
			productRefGroup = E4B69B4A0A3A1720003C02F2;
			projectDirPath = "";
			projectReferences = (
				{
					ProductGroup = E4328144138ABC890047C5CB /* Products */;
					ProjectRef = E4328143138ABC890047C5CB /* openFrameworksLib.xcodeproj */;
				},
			);
			projectRoot = "";
			targets = (
				E4B69B5A0A3A1756003C02F2 /* ClingOFPlayground */,
			);
		};
/* End PBXProject section */

/* Begin PBXReferenceProxy section */
		E4328148138ABC890047C5CB /* openFrameworksDebug.a */ = {
			isa = PBXReferenceProxy;
			fileType = archive.ar;
			path = openFrameworksDebug.a;
			remoteRef = E4328147138ABC890047C5CB /* PBXContainerItemProxy */;
			sourceTree = BUILT_PRODUCTS_DIR;
		};
/* End PBXReferenceProxy section */

/* Begin PBXShellScriptBuildPhase section */
		E4B6FFFD0C3F9AB9008CF71C /* ShellScript */ = {
			isa = PBXShellScriptBuildPhase;
			buildActionMask = 2147483647;
			files = (
			);
			inputPaths = (
			);
			outputPaths = (
			);
			runOnlyForDeploymentPostprocessing = 0;
			shellPath = /bin/sh;
			shellScript = "mkdir -p \"$TARGET_BUILD_DIR/$PRODUCT_NAME.app/Contents/Resources/\"\n# Copy default icon file into App/Resources\nrsync -aved \"$ICON_FILE\" \"$TARGET_BUILD_DIR/$PRODUCT_NAME.app/Contents/Resources/\"\n# Copy libfmod and change install directory for fmod to run\nrsync -aved ../../openFrameworks/libs/fmodex/lib/osx/libfmodex.dylib \"$TARGET_BUILD_DIR/$PRODUCT_NAME.app/Contents/Frameworks/\";\ninstall_name_tool -change @executable_path/libfmodex.dylib @executable_path/../Frameworks/libfmodex.dylib \"$TARGET_BUILD_DIR/$PRODUCT_NAME.app/Contents/MacOS/$PRODUCT_NAME\";\n# Copy GLUT framework (must remove for AppStore submissions)\n#rsync -aved ../../openFrameworks/libs/glut/lib/osx/GLUT.framework \"$TARGET_BUILD_DIR/$PRODUCT_NAME.app/Contents/Frameworks/\"\n\n# Copy libcling.dylib\nrsync -aved ../../external_addons/ofxCling/lib/osx/libcling.dylib \"$TARGET_BUILD_DIR/$PRODUCT_NAME.app/Contents/Frameworks/\"\n";
		};
/* End PBXShellScriptBuildPhase section */

/* Begin PBXSourcesBuildPhase section */
		E4B69B580A3A1756003C02F2 /* Sources */ = {
			isa = PBXSourcesBuildPhase;
			buildActionMask = 2147483647;
			files = (
				E4B69E200A3A1BDC003C02F2 /* main.cpp in Sources */,
				2AAFAADD1DEF2D9300B35493 /* TouchManager.cpp in Sources */,
				2A12700A1E1D6FA90090989F /* ofxCling.cpp in Sources */,
				E4B69E210A3A1BDC003C02F2 /* ofApp.cpp in Sources */,
				CB727100FA02D41902B85DF3 /* ofxOscBundle.cpp in Sources */,
				2A8149221E26A5EA00135792 /* ofxInterfaceTextEditor.cpp in Sources */,
				172513EF0A37F0353FBED5DF /* ofxOscMessage.cpp in Sources */,
				2AAFAB031DEF2D9300B35493 /* ofxNanoVG.cpp in Sources */,
				2AAFAAF41DEF2D9300B35493 /* ofxJsonParser.cpp in Sources */,
				04A1B67F72E78C3C50C5D496 /* ofxOscParameterSync.cpp in Sources */,
				46CCEEF78216D36E9D5AAC05 /* ofxOscReceiver.cpp in Sources */,
				9FE36281A605FA2D6872B2A0 /* ofxOscSender.cpp in Sources */,
				8C9561053A4DDA535D723E05 /* IpEndpointName.cpp in Sources */,
				2AAFAADE1DEF2D9300B35493 /* VirtualTouch.cpp in Sources */,
				AF7D4C5C3CCD200B0A74A6B1 /* NetworkingUtils.cpp in Sources */,
				2AAFAAD71DEF2D9300B35493 /* BitmapTextButton.cpp in Sources */,
				7B6CC54CA98C7D2C6C5DA243 /* UdpSocket.cpp in Sources */,
				2AAFAADC1DEF2D9300B35493 /* TouchEvent.cpp in Sources */,
				44A35064D139C35523A14874 /* OscOutboundPacketStream.cpp in Sources */,
				2AAFAADB1DEF2D9300B35493 /* Node.cpp in Sources */,
				2AAFAAF31DEF2D9300B35493 /* README.md in Sources */,
				60476CA392A3D532EA8F87BD /* OscPrintReceivedElements.cpp in Sources */,
				2FD33611407580C3266D3925 /* OscReceivedElements.cpp in Sources */,
				2AAFAAF01DEF2D9300B35493 /* jsoncpp.cpp in Sources */,
				2AAFAAD91DEF2D9300B35493 /* SolidColorPanel.cpp in Sources */,
				9C38248E00C38F3FE8A3CD48 /* OscTypes.cpp in Sources */,
				57514656C6121DBD7B1B5F1E /* ofxXmlSettings.cpp in Sources */,
				7F8CE38CEA7B29A08FB87974 /* tinyxml.cpp in Sources */,
				8E4803896B3157AE8ADCB02E /* tinyxmlerror.cpp in Sources */,
				2AAFAB011DEF2D9300B35493 /* nanovg.c in Sources */,
				51311032AF6D46EB9144F0C7 /* tinyxmlparser.cpp in Sources */,
				2AAFAB021DEF2D9300B35493 /* README.md in Sources */,
				2AACCFEC1DF1D8E7008B00D6 /* ofxJSON.cpp in Sources */,
				2AAFAADA1DEF2D9300B35493 /* TextureButton.cpp in Sources */,
				2AAFAAD81DEF2D9300B35493 /* LambdaView.cpp in Sources */,
			);
			runOnlyForDeploymentPostprocessing = 0;
		};
/* End PBXSourcesBuildPhase section */

/* Begin PBXTargetDependency section */
		E4EEB9AC138B136A00A80321 /* PBXTargetDependency */ = {
			isa = PBXTargetDependency;
			name = openFrameworks;
			targetProxy = E4EEB9AB138B136A00A80321 /* PBXContainerItemProxy */;
		};
/* End PBXTargetDependency section */

/* Begin XCBuildConfiguration section */
		E4B69B4E0A3A1720003C02F2 /* Debug */ = {
			isa = XCBuildConfiguration;
			baseConfigurationReference = E4EB6923138AFD0F00A09F29 /* Project.xcconfig */;
			buildSettings = {
				CONFIGURATION_BUILD_DIR = "$(SRCROOT)/bin/";
				COPY_PHASE_STRIP = NO;
				DEAD_CODE_STRIPPING = YES;
				GCC_AUTO_VECTORIZATION = YES;
				GCC_ENABLE_SSE3_EXTENSIONS = YES;
				GCC_ENABLE_SUPPLEMENTAL_SSE3_INSTRUCTIONS = YES;
				GCC_INLINES_ARE_PRIVATE_EXTERN = NO;
				GCC_OPTIMIZATION_LEVEL = 0;
				GCC_SYMBOLS_PRIVATE_EXTERN = NO;
				GCC_WARN_ABOUT_DEPRECATED_FUNCTIONS = YES;
				GCC_WARN_ABOUT_INVALID_OFFSETOF_MACRO = NO;
				GCC_WARN_ALLOW_INCOMPLETE_PROTOCOL = NO;
				GCC_WARN_UNINITIALIZED_AUTOS = NO;
				GCC_WARN_UNUSED_VALUE = NO;
				GCC_WARN_UNUSED_VARIABLE = NO;
				HEADER_SEARCH_PATHS = (
					"$(OF_CORE_HEADERS)",
					../../openFrameworks/addons/ofxOsc/libs,
					../../openFrameworks/addons/ofxOsc/libs/oscpack,
					../../openFrameworks/addons/ofxOsc/libs/oscpack/src,
					../../openFrameworks/addons/ofxOsc/libs/oscpack/src/ip,
					../../openFrameworks/addons/ofxOsc/libs/oscpack/src/ip/posix,
					../../openFrameworks/addons/ofxOsc/libs/oscpack/src/ip/win32,
					../../openFrameworks/addons/ofxOsc/libs/oscpack/src/osc,
					../../openFrameworks/addons/ofxOsc/src,
					../../openFrameworks/addons/ofxXmlSettings/libs,
					../../openFrameworks/addons/ofxXmlSettings/src,
				);
				MACOSX_DEPLOYMENT_TARGET = 10.8;
				ONLY_ACTIVE_ARCH = YES;
				OTHER_CPLUSPLUSFLAGS = (
					"-D__MACOSX_CORE__",
					"-mtune=native",
				);
				SDKROOT = macosx;
			};
			name = Debug;
		};
		E4B69B4F0A3A1720003C02F2 /* Release */ = {
			isa = XCBuildConfiguration;
			baseConfigurationReference = E4EB6923138AFD0F00A09F29 /* Project.xcconfig */;
			buildSettings = {
				CONFIGURATION_BUILD_DIR = "$(SRCROOT)/bin/";
				COPY_PHASE_STRIP = YES;
				DEAD_CODE_STRIPPING = YES;
				GCC_AUTO_VECTORIZATION = YES;
				GCC_ENABLE_SSE3_EXTENSIONS = YES;
				GCC_ENABLE_SUPPLEMENTAL_SSE3_INSTRUCTIONS = YES;
				GCC_INLINES_ARE_PRIVATE_EXTERN = NO;
				GCC_OPTIMIZATION_LEVEL = 3;
				GCC_SYMBOLS_PRIVATE_EXTERN = NO;
				GCC_UNROLL_LOOPS = YES;
				GCC_WARN_ABOUT_DEPRECATED_FUNCTIONS = YES;
				GCC_WARN_ABOUT_INVALID_OFFSETOF_MACRO = NO;
				GCC_WARN_ALLOW_INCOMPLETE_PROTOCOL = NO;
				GCC_WARN_UNINITIALIZED_AUTOS = NO;
				GCC_WARN_UNUSED_VALUE = NO;
				GCC_WARN_UNUSED_VARIABLE = NO;
				HEADER_SEARCH_PATHS = (
					"$(OF_CORE_HEADERS)",
					../../openFrameworks/addons/ofxOsc/libs,
					../../openFrameworks/addons/ofxOsc/libs/oscpack,
					../../openFrameworks/addons/ofxOsc/libs/oscpack/src,
					../../openFrameworks/addons/ofxOsc/libs/oscpack/src/ip,
					../../openFrameworks/addons/ofxOsc/libs/oscpack/src/ip/posix,
					../../openFrameworks/addons/ofxOsc/libs/oscpack/src/ip/win32,
					../../openFrameworks/addons/ofxOsc/libs/oscpack/src/osc,
					../../openFrameworks/addons/ofxOsc/src,
					../../openFrameworks/addons/ofxXmlSettings/libs,
					../../openFrameworks/addons/ofxXmlSettings/src,
				);
				MACOSX_DEPLOYMENT_TARGET = 10.8;
				OTHER_CPLUSPLUSFLAGS = (
					"-D__MACOSX_CORE__",
					"-mtune=native",
				);
				SDKROOT = macosx;
			};
			name = Release;
		};
		E4B69B600A3A1757003C02F2 /* Debug */ = {
			isa = XCBuildConfiguration;
			baseConfigurationReference = E4EB6923138AFD0F00A09F29 /* Project.xcconfig */;
			buildSettings = {
				COMBINE_HIDPI_IMAGES = YES;
				COPY_PHASE_STRIP = NO;
				DEAD_CODE_STRIPPING = NO;
				FRAMEWORK_SEARCH_PATHS = (
					"$(inherited)",
					"$(FRAMEWORK_SEARCH_PATHS_QUOTED_FOR_TARGET_1)",
				);
				FRAMEWORK_SEARCH_PATHS_QUOTED_FOR_TARGET_1 = "\"$(SRCROOT)/../../openFrameworks/libs/glut/lib/osx\"";
				GCC_DYNAMIC_NO_PIC = NO;
				GCC_GENERATE_DEBUGGING_SYMBOLS = YES;
				GCC_MODEL_TUNING = NONE;
				GCC_PREPROCESSOR_DEFINITIONS = NANOVG_GL2_IMPLEMENTATION;
				"GCC_PREPROCESSOR_DEFINITIONS[arch=*]" = (
					NANOVG_GL2_IMPLEMENTATION,
					"DEBUG=1",
				);
				GENERATE_MASTER_OBJECT_FILE = YES;
				HEADER_SEARCH_PATHS = (
					"$(OF_CORE_HEADERS)",
					../../openFrameworks/addons/ofxOsc/libs,
					../../openFrameworks/addons/ofxOsc/libs/oscpack,
					../../openFrameworks/addons/ofxOsc/libs/oscpack/src,
					../../openFrameworks/addons/ofxOsc/libs/oscpack/src/ip,
					../../openFrameworks/addons/ofxOsc/libs/oscpack/src/ip/posix,
					../../openFrameworks/addons/ofxOsc/libs/oscpack/src/ip/win32,
					../../openFrameworks/addons/ofxOsc/libs/oscpack/src/osc,
					../../openFrameworks/addons/ofxOsc/src,
					../../openFrameworks/addons/ofxXmlSettings/libs,
					../../openFrameworks/addons/ofxXmlSettings/src,
				);
				ICON = "$(ICON_NAME_DEBUG)";
				ICON_FILE = "$(ICON_FILE_PATH)$(ICON)";
				INFOPLIST_FILE = "openFrameworks-Info.plist";
				INSTALL_PATH = /Applications;
				KEEP_PRIVATE_EXTERNS = NO;
				LD_RUNPATH_SEARCH_PATHS = "@loader_path/../Frameworks";
				LIBRARY_SEARCH_PATHS = (
					../../external_addons/ofxCling/lib/osx,
					"$(inherited)",
				);
				MACOSX_DEPLOYMENT_TARGET = 10.7;
				OTHER_CPLUSPLUSFLAGS = (
					"-D__MACOSX_CORE__",
					"-mtune=native",
				);
				OTHER_LDFLAGS = (
					"$(OF_CORE_LIBS)",
					"$(OF_CORE_FRAMEWORKS)",
					"-lcling",
				);
				PRESERVE_DEAD_CODE_INITS_AND_TERMS = NO;
				PRODUCT_NAME = ClingOFPlaygroundDebug;
				USER_HEADER_SEARCH_PATHS = "../../external_addons/ofxCling/include ../../external_addons/ofxJSON/libs/jsoncpp/include ../bin/data";
				WRAPPER_EXTENSION = app;
			};
			name = Debug;
		};
		E4B69B610A3A1757003C02F2 /* Release */ = {
			isa = XCBuildConfiguration;
			baseConfigurationReference = E4EB6923138AFD0F00A09F29 /* Project.xcconfig */;
			buildSettings = {
				COMBINE_HIDPI_IMAGES = YES;
				COPY_PHASE_STRIP = YES;
				DEAD_CODE_STRIPPING = NO;
				FRAMEWORK_SEARCH_PATHS = (
					"$(inherited)",
					"$(FRAMEWORK_SEARCH_PATHS_QUOTED_FOR_TARGET_1)",
				);
				FRAMEWORK_SEARCH_PATHS_QUOTED_FOR_TARGET_1 = "\"$(SRCROOT)/../../openFrameworks/libs/glut/lib/osx\"";
				GCC_GENERATE_DEBUGGING_SYMBOLS = YES;
				GCC_MODEL_TUNING = NONE;
				GCC_PREPROCESSOR_DEFINITIONS = NANOVG_GL2_IMPLEMENTATION;
				GENERATE_MASTER_OBJECT_FILE = YES;
				HEADER_SEARCH_PATHS = (
					"$(OF_CORE_HEADERS)",
					../../openFrameworks/addons/ofxOsc/libs,
					../../openFrameworks/addons/ofxOsc/libs/oscpack,
					../../openFrameworks/addons/ofxOsc/libs/oscpack/src,
					../../openFrameworks/addons/ofxOsc/libs/oscpack/src/ip,
					../../openFrameworks/addons/ofxOsc/libs/oscpack/src/ip/posix,
					../../openFrameworks/addons/ofxOsc/libs/oscpack/src/ip/win32,
					../../openFrameworks/addons/ofxOsc/libs/oscpack/src/osc,
					../../openFrameworks/addons/ofxOsc/src,
					../../openFrameworks/addons/ofxXmlSettings/libs,
					../../openFrameworks/addons/ofxXmlSettings/src,
				);
				ICON = "$(ICON_NAME_RELEASE)";
				ICON_FILE = "$(ICON_FILE_PATH)$(ICON)";
				INFOPLIST_FILE = "openFrameworks-Info.plist";
				INSTALL_PATH = /Applications;
				KEEP_PRIVATE_EXTERNS = NO;
				LD_RUNPATH_SEARCH_PATHS = "@loader_path/../Frameworks";
				LIBRARY_SEARCH_PATHS = (
					../../external_addons/ofxCling/lib/osx,
					"$(inherited)",
				);
				MACOSX_DEPLOYMENT_TARGET = 10.7;
				OTHER_CPLUSPLUSFLAGS = (
					"-D__MACOSX_CORE__",
					"-mtune=native",
				);
				OTHER_LDFLAGS = (
					"$(OF_CORE_LIBS)",
					"$(OF_CORE_FRAMEWORKS)",
					"-lcling",
				);
				PRESERVE_DEAD_CODE_INITS_AND_TERMS = NO;
				PRODUCT_NAME = ClingOFPlayground;
				USER_HEADER_SEARCH_PATHS = "../../external_addons/ofxCling/include ../../external_addons/ofxJSON/libs/jsoncpp/include ../bin/data";
				WRAPPER_EXTENSION = app;
				baseConfigurationReference = E4EB6923138AFD0F00A09F29;
			};
			name = Release;
		};
/* End XCBuildConfiguration section */

/* Begin XCConfigurationList section */
		E4B69B4D0A3A1720003C02F2 /* Build configuration list for PBXProject "ClingOFPlayground" */ = {
			isa = XCConfigurationList;
			buildConfigurations = (
				E4B69B4E0A3A1720003C02F2 /* Debug */,
				E4B69B4F0A3A1720003C02F2 /* Release */,
			);
			defaultConfigurationIsVisible = 0;
			defaultConfigurationName = Release;
		};
		E4B69B5F0A3A1757003C02F2 /* Build configuration list for PBXNativeTarget "ClingOFPlayground" */ = {
			isa = XCConfigurationList;
			buildConfigurations = (
				E4B69B600A3A1757003C02F2 /* Debug */,
				E4B69B610A3A1757003C02F2 /* Release */,
			);
			defaultConfigurationIsVisible = 0;
			defaultConfigurationName = Release;
		};
/* End XCConfigurationList section */
	};
	rootObject = E4B69B4C0A3A1720003C02F2 /* Project object */;
}
